
Microsoft Visual Studio Solution File, Format Version 12.00
# Visual Studio Version 17
VisualStudioVersion = 17.0.32112.339
MinimumVisualStudioVersion = 10.0.40219.1
Project("{FAE04EC0-301F-11D3-BF4B-00C04F79EFBC}") = "MarcoWillems.Template.WebApi", "MarcoWillems.Template.WebApi\MarcoWillems.Template.WebApi.csproj", "{F8575616-54C2-44B5-B571-A980A0B6C771}"
EndProject
Project("{FAE04EC0-301F-11D3-BF4B-00C04F79EFBC}") = "MarcoWillems.Template.WebApi.Database", "MarcoWillems.Template.WebApi.Database\MarcoWillems.Template.WebApi.Database.csproj", "{AA771D03-1C70-4891-A9F8-830EB22AC6D9}"
EndProject
Project("{FAE04EC0-301F-11D3-BF4B-00C04F79EFBC}") = "MarcoWillems.Template.WebApi.Services", "MarcoWillems.Template.WebApi.Services\MarcoWillems.Template.WebApi.Services.csproj", "{8852F384-D658-44F1-8751-DAB2FE6D023E}"
EndProject
Project("{E53339B2-1760-4266-BCC7-CA923CBCF16C}") = "docker-compose", "docker-compose.dcproj", "{510CF0B6-ACBB-4C95-817F-99B3006930DC}"
EndProject
Project("{FAE04EC0-301F-11D3-BF4B-00C04F79EFBC}") = "MarcoWillems.Template.WebApi.Services.Contracts", "MarcoWillems.Template.WebApi.Services.Contracts\MarcoWillems.Template.WebApi.Services.Contracts.csproj", "{9DD589C1-0717-4EB8-A5E1-666391E03E75}"
EndProject
Global
	GlobalSection(SolutionConfigurationPlatforms) = preSolution
		Debug|Any CPU = Debug|Any CPU
		Release|Any CPU = Release|Any CPU
	EndGlobalSection
	GlobalSection(ProjectConfigurationPlatforms) = postSolution
		{F8575616-54C2-44B5-B571-A980A0B6C771}.Debug|Any CPU.ActiveCfg = Debug|Any CPU
		{F8575616-54C2-44B5-B571-A980A0B6C771}.Debug|Any CPU.Build.0 = Debug|Any CPU
		{F8575616-54C2-44B5-B571-A980A0B6C771}.Release|Any CPU.ActiveCfg = Release|Any CPU
		{F8575616-54C2-44B5-B571-A980A0B6C771}.Release|Any CPU.Build.0 = Release|Any CPU
		{AA771D03-1C70-4891-A9F8-830EB22AC6D9}.Debug|Any CPU.ActiveCfg = Debug|Any CPU
		{AA771D03-1C70-4891-A9F8-830EB22AC6D9}.Debug|Any CPU.Build.0 = Debug|Any CPU
		{AA771D03-1C70-4891-A9F8-830EB22AC6D9}.Release|Any CPU.ActiveCfg = Release|Any CPU
		{AA771D03-1C70-4891-A9F8-830EB22AC6D9}.Release|Any CPU.Build.0 = Release|Any CPU
		{8852F384-D658-44F1-8751-DAB2FE6D023E}.Debug|Any CPU.ActiveCfg = Debug|Any CPU
		{8852F384-D658-44F1-8751-DAB2FE6D023E}.Debug|Any CPU.Build.0 = Debug|Any CPU
		{8852F384-D658-44F1-8751-DAB2FE6D023E}.Release|Any CPU.ActiveCfg = Release|Any CPU
		{8852F384-D658-44F1-8751-DAB2FE6D023E}.Release|Any CPU.Build.0 = Release|Any CPU
		{510CF0B6-ACBB-4C95-817F-99B3006930DC}.Debug|Any CPU.ActiveCfg = Debug|Any CPU
		{510CF0B6-ACBB-4C95-817F-99B3006930DC}.Debug|Any CPU.Build.0 = Debug|Any CPU
		{510CF0B6-ACBB-4C95-817F-99B3006930DC}.Release|Any CPU.ActiveCfg = Release|Any CPU
		{510CF0B6-ACBB-4C95-817F-99B3006930DC}.Release|Any CPU.Build.0 = Release|Any CPU
		{9DD589C1-0717-4EB8-A5E1-666391E03E75}.Debug|Any CPU.ActiveCfg = Debug|Any CPU
		{9DD589C1-0717-4EB8-A5E1-666391E03E75}.Debug|Any CPU.Build.0 = Debug|Any CPU
		{9DD589C1-0717-4EB8-A5E1-666391E03E75}.Release|Any CPU.ActiveCfg = Release|Any CPU
		{9DD589C1-0717-4EB8-A5E1-666391E03E75}.Release|Any CPU.Build.0 = Release|Any CPU
	EndGlobalSection
	GlobalSection(SolutionProperties) = preSolution
		HideSolutionNode = FALSE
	EndGlobalSection
	GlobalSection(ExtensibilityGlobals) = postSolution
		SolutionGuid = {0B834C72-C553-48B7-B7BC-0E727293AA9A}
	EndGlobalSection
EndGlobal
