
Microsoft Visual Studio Solution File, Format Version 12.00
# Visual Studio Version 16
VisualStudioVersion = 25.0.1705.0
MinimumVisualStudioVersion = 10.0.40219.1
Project("{FAE04EC0-301F-11D3-BF4B-00C04F79EFBC}") = "Templatepack.core", "Templatepack.core.csproj", "{182CEE83-039B-4C36-9353-AAAB38A8DCBC}"
EndProject
Global
	GlobalSection(SolutionConfigurationPlatforms) = preSolution
		Debug|Any CPU = Debug|Any CPU
		Release|Any CPU = Release|Any CPU
	EndGlobalSection
	GlobalSection(ProjectConfigurationPlatforms) = postSolution
		{182CEE83-039B-4C36-9353-AAAB38A8DCBC}.Debug|Any CPU.ActiveCfg = Debug|Any CPU
		{182CEE83-039B-4C36-9353-AAAB38A8DCBC}.Debug|Any CPU.Build.0 = Debug|Any CPU
		{182CEE83-039B-4C36-9353-AAAB38A8DCBC}.Release|Any CPU.ActiveCfg = Release|Any CPU
		{182CEE83-039B-4C36-9353-AAAB38A8DCBC}.Release|Any CPU.Build.0 = Release|Any CPU
	EndGlobalSection
	GlobalSection(SolutionProperties) = preSolution
		HideSolutionNode = FALSE
	EndGlobalSection
	GlobalSection(ExtensibilityGlobals) = postSolution
		SolutionGuid = {65CAFDA4-BD4B-4990-8A9D-8F00C95E37E5}
	EndGlobalSection
EndGlobal
