
Microsoft Visual Studio Solution File, Format Version 12.00
# Visual Studio Version 16
VisualStudioVersion = 25.0.1705.0
MinimumVisualStudioVersion = 10.0.40219.1
Project("{FAE04EC0-301F-11D3-BF4B-00C04F79EFBC}") = "MarcoWillems.Template.MinimalMicroservice", "MarcoWillems.Template.MinimalMicroservice\MarcoWillems.Template.MinimalMicroservice.csproj", "{5C377E2D-9346-46A1-AE8A-B4784D75D1F6}"
EndProject
Project("{FAE04EC0-301F-11D3-BF4B-00C04F79EFBC}") = "MarcoWillems.Template.MinimalMicroservice.Database", "MarcoWillems.Template.MinimalMicroservice.Database\MarcoWillems.Template.MinimalMicroservice.Database.csproj", "{D9BBB162-C6E8-45D9-A048-8650836D7F2F}"
EndProject
Project("{FAE04EC0-301F-11D3-BF4B-00C04F79EFBC}") = "MarcoWillems.Template.MinimalMicroservice.Contracts", "MarcoWillems.Template.MinimalMicroservice.Contracts\MarcoWillems.Template.MinimalMicroservice.Contracts.csproj", "{F6BDC9CD-C54B-4DDF-9A86-9E24D4907144}"
EndProject
Project("{FAE04EC0-301F-11D3-BF4B-00C04F79EFBC}") = "MarcoWillems.Template.MinimalMicroservice.Services", "MarcoWillems.Template.MinimalMicroservice.Services\MarcoWillems.Template.MinimalMicroservice.Services.csproj", "{863113A5-0DF9-4303-B5C7-8439470856EA}"
EndProject
Project("{E53339B2-1760-4266-BCC7-CA923CBCF16C}") = "docker-compose", "docker-compose.dcproj", "{FAC315D6-F11C-40DD-A571-D71DEE82BFCF}"
EndProject
Global
	GlobalSection(SolutionConfigurationPlatforms) = preSolution
		Debug|Any CPU = Debug|Any CPU
		Release|Any CPU = Release|Any CPU
	EndGlobalSection
	GlobalSection(ProjectConfigurationPlatforms) = postSolution
		{5C377E2D-9346-46A1-AE8A-B4784D75D1F6}.Debug|Any CPU.ActiveCfg = Debug|Any CPU
		{5C377E2D-9346-46A1-AE8A-B4784D75D1F6}.Debug|Any CPU.Build.0 = Debug|Any CPU
		{5C377E2D-9346-46A1-AE8A-B4784D75D1F6}.Release|Any CPU.ActiveCfg = Release|Any CPU
		{5C377E2D-9346-46A1-AE8A-B4784D75D1F6}.Release|Any CPU.Build.0 = Release|Any CPU
		{D9BBB162-C6E8-45D9-A048-8650836D7F2F}.Debug|Any CPU.ActiveCfg = Debug|Any CPU
		{D9BBB162-C6E8-45D9-A048-8650836D7F2F}.Debug|Any CPU.Build.0 = Debug|Any CPU
		{D9BBB162-C6E8-45D9-A048-8650836D7F2F}.Release|Any CPU.ActiveCfg = Release|Any CPU
		{D9BBB162-C6E8-45D9-A048-8650836D7F2F}.Release|Any CPU.Build.0 = Release|Any CPU
		{F6BDC9CD-C54B-4DDF-9A86-9E24D4907144}.Debug|Any CPU.ActiveCfg = Debug|Any CPU
		{F6BDC9CD-C54B-4DDF-9A86-9E24D4907144}.Debug|Any CPU.Build.0 = Debug|Any CPU
		{F6BDC9CD-C54B-4DDF-9A86-9E24D4907144}.Release|Any CPU.ActiveCfg = Release|Any CPU
		{F6BDC9CD-C54B-4DDF-9A86-9E24D4907144}.Release|Any CPU.Build.0 = Release|Any CPU
		{863113A5-0DF9-4303-B5C7-8439470856EA}.Debug|Any CPU.ActiveCfg = Debug|Any CPU
		{863113A5-0DF9-4303-B5C7-8439470856EA}.Debug|Any CPU.Build.0 = Debug|Any CPU
		{863113A5-0DF9-4303-B5C7-8439470856EA}.Release|Any CPU.ActiveCfg = Release|Any CPU
		{863113A5-0DF9-4303-B5C7-8439470856EA}.Release|Any CPU.Build.0 = Release|Any CPU
		{FAC315D6-F11C-40DD-A571-D71DEE82BFCF}.Debug|Any CPU.ActiveCfg = Debug|Any CPU
		{FAC315D6-F11C-40DD-A571-D71DEE82BFCF}.Debug|Any CPU.Build.0 = Debug|Any CPU
		{FAC315D6-F11C-40DD-A571-D71DEE82BFCF}.Release|Any CPU.ActiveCfg = Release|Any CPU
		{FAC315D6-F11C-40DD-A571-D71DEE82BFCF}.Release|Any CPU.Build.0 = Release|Any CPU
	EndGlobalSection
	GlobalSection(SolutionProperties) = preSolution
		HideSolutionNode = FALSE
	EndGlobalSection
	GlobalSection(ExtensibilityGlobals) = postSolution
		SolutionGuid = {2DD493CB-163E-4FB2-A27E-E4182CFC08AF}
	EndGlobalSection
EndGlobal
